
Microsoft Visual Studio Solution File, Format Version 12.00
# Visual Studio Version 16
VisualStudioVersion = 16.0.30114.105
MinimumVisualStudioVersion = 10.0.40219.1
Project("{F2A71F9B-5D33-465A-A702-920D77279786}") = "Blog", "Blog\Blog.fsproj", "{52F9AB43-28B7-4453-848C-4B5E5E0DA250}"
EndProject
Project("{F2A71F9B-5D33-465A-A702-920D77279786}") = "Statiq.Giraffe", "Statiq.Giraffe\Statiq.Giraffe.fsproj", "{BD82F6D2-75B3-47EC-A188-1E6039C4BDF3}"
EndProject
Global
	GlobalSection(SolutionConfigurationPlatforms) = preSolution
		Debug|Any CPU = Debug|Any CPU
		Release|Any CPU = Release|Any CPU
	EndGlobalSection
	GlobalSection(SolutionProperties) = preSolution
		HideSolutionNode = FALSE
	EndGlobalSection
	GlobalSection(ProjectConfigurationPlatforms) = postSolution
		{52F9AB43-28B7-4453-848C-4B5E5E0DA250}.Debug|Any CPU.ActiveCfg = Debug|Any CPU
		{52F9AB43-28B7-4453-848C-4B5E5E0DA250}.Debug|Any CPU.Build.0 = Debug|Any CPU
		{52F9AB43-28B7-4453-848C-4B5E5E0DA250}.Release|Any CPU.ActiveCfg = Release|Any CPU
		{52F9AB43-28B7-4453-848C-4B5E5E0DA250}.Release|Any CPU.Build.0 = Release|Any CPU
		{BD82F6D2-75B3-47EC-A188-1E6039C4BDF3}.Debug|Any CPU.ActiveCfg = Debug|Any CPU
		{BD82F6D2-75B3-47EC-A188-1E6039C4BDF3}.Debug|Any CPU.Build.0 = Debug|Any CPU
		{BD82F6D2-75B3-47EC-A188-1E6039C4BDF3}.Release|Any CPU.ActiveCfg = Release|Any CPU
		{BD82F6D2-75B3-47EC-A188-1E6039C4BDF3}.Release|Any CPU.Build.0 = Release|Any CPU
	EndGlobalSection
EndGlobal
